{
  "requires": true,
  "lockfileVersion": 1,
  "dependencies": {
    "loadjs": {
      "version": "3.5.4",
      "resolved": "https://registry.npmjs.org/loadjs/-/loadjs-3.5.4.tgz",
      "integrity": "sha512-vJO1whnJ/9Cg+Z8tOLVGuIaLiGpCxEd/+R1OgzWJxoJHAfXOfHqJWnsGbst9Q8dQAGVvt4/X8zhCO0EtlnXcRg=="
    },
    "react-google-charts": {
      "version": "1.6.6",
      "resolved": "https://registry.npmjs.org/react-google-charts/-/react-google-charts-1.6.6.tgz",
      "integrity": "sha512-ZaWgm0rnicCOI3IlXxqImJOolkzvXUwt9dKkt3HCqrCzRkOy6WGj+Ad28YL/5tewaWJ2fZAPji8YABKh6UFPWQ==",
      "requires": {
        "loadjs": "3.5.4"
      }
    }
  }
}
